// !$*UTF8*$!
{
	archiveVersion = 1;
	classes = {
	};
	objectVersion = 50;
	objects = {

/* Begin PBXBuildFile section */
		3AA55E2825AB90F80040722A /* DemoWalletKotlin.framework in Frameworks */ = {isa = PBXBuildFile; fileRef = 3AA55E2725AB90F80040722A /* DemoWalletKotlin.framework */; };
		3AACFB8725A80DAB000F6409 /* Demo_WalletApp.swift in Sources */ = {isa = PBXBuildFile; fileRef = 3AACFB8625A80DAB000F6409 /* Demo_WalletApp.swift */; };
		3AACFB8925A80DAB000F6409 /* ContentView.swift in Sources */ = {isa = PBXBuildFile; fileRef = 3AACFB8825A80DAB000F6409 /* ContentView.swift */; };
		3AACFB8B25A80DAD000F6409 /* Assets.xcassets in Resources */ = {isa = PBXBuildFile; fileRef = 3AACFB8A25A80DAD000F6409 /* Assets.xcassets */; };
		3AACFB8E25A80DAD000F6409 /* Preview Assets.xcassets in Resources */ = {isa = PBXBuildFile; fileRef = 3AACFB8D25A80DAD000F6409 /* Preview Assets.xcassets */; };
		3AB28A6D26937F6E00E79DDE /* ActivityInidicator.swift in Sources */ = {isa = PBXBuildFile; fileRef = 3AB28A6C26937F6E00E79DDE /* ActivityInidicator.swift */; };
		3AB28A702693971300E79DDE /* TransferItemView.swift in Sources */ = {isa = PBXBuildFile; fileRef = 3AB28A6F2693971300E79DDE /* TransferItemView.swift */; };
		3AB28A722693974600E79DDE /* WalletItemView.swift in Sources */ = {isa = PBXBuildFile; fileRef = 3AB28A712693974600E79DDE /* WalletItemView.swift */; };
		3AB28A742693977B00E79DDE /* SystemObservable.swift in Sources */ = {isa = PBXBuildFile; fileRef = 3AB28A732693977B00E79DDE /* SystemObservable.swift */; };
		3AB28A782693994300E79DDE /* WalletScreen.swift in Sources */ = {isa = PBXBuildFile; fileRef = 3AB28A772693994300E79DDE /* WalletScreen.swift */; };
		3AB28A7A26939A8700E79DDE /* Router.swift in Sources */ = {isa = PBXBuildFile; fileRef = 3AB28A7926939A8700E79DDE /* Router.swift */; };
		3AB28A7C26939D0400E79DDE /* ViewWalletScreen.swift in Sources */ = {isa = PBXBuildFile; fileRef = 3AB28A7B26939D0400E79DDE /* ViewWalletScreen.swift */; };
		3AD34F522694D1D900206A9D /* ViewAddressScreen.swift in Sources */ = {isa = PBXBuildFile; fileRef = 3AD34F512694D1D900206A9D /* ViewAddressScreen.swift */; };
/* End PBXBuildFile section */

/* Begin PBXFileReference section */
		3AA55E2725AB90F80040722A /* DemoWalletKotlin.framework */ = {isa = PBXFileReference; lastKnownFileType = wrapper.framework; name = DemoWalletKotlin.framework; path = ../build/bin/iosX64/debugFramework/DemoWalletKotlin.framework; sourceTree = "<group>"; };
		3AACFB8325A80DAB000F6409 /* Demo-Wallet.app */ = {isa = PBXFileReference; explicitFileType = wrapper.application; includeInIndex = 0; path = "Demo-Wallet.app"; sourceTree = BUILT_PRODUCTS_DIR; };
		3AACFB8625A80DAB000F6409 /* Demo_WalletApp.swift */ = {isa = PBXFileReference; lastKnownFileType = sourcecode.swift; path = Demo_WalletApp.swift; sourceTree = "<group>"; };
		3AACFB8825A80DAB000F6409 /* ContentView.swift */ = {isa = PBXFileReference; lastKnownFileType = sourcecode.swift; path = ContentView.swift; sourceTree = "<group>"; };
		3AACFB8A25A80DAD000F6409 /* Assets.xcassets */ = {isa = PBXFileReference; lastKnownFileType = folder.assetcatalog; path = Assets.xcassets; sourceTree = "<group>"; };
		3AACFB8D25A80DAD000F6409 /* Preview Assets.xcassets */ = {isa = PBXFileReference; lastKnownFileType = folder.assetcatalog; path = "Preview Assets.xcassets"; sourceTree = "<group>"; };
		3AACFB8F25A80DAD000F6409 /* Info.plist */ = {isa = PBXFileReference; lastKnownFileType = text.plist.xml; path = Info.plist; sourceTree = "<group>"; };
		3AB28A6C26937F6E00E79DDE /* ActivityInidicator.swift */ = {isa = PBXFileReference; lastKnownFileType = sourcecode.swift; path = ActivityInidicator.swift; sourceTree = "<group>"; };
		3AB28A6F2693971300E79DDE /* TransferItemView.swift */ = {isa = PBXFileReference; lastKnownFileType = sourcecode.swift; path = TransferItemView.swift; sourceTree = "<group>"; };
		3AB28A712693974600E79DDE /* WalletItemView.swift */ = {isa = PBXFileReference; lastKnownFileType = sourcecode.swift; path = WalletItemView.swift; sourceTree = "<group>"; };
		3AB28A732693977B00E79DDE /* SystemObservable.swift */ = {isa = PBXFileReference; lastKnownFileType = sourcecode.swift; path = SystemObservable.swift; sourceTree = "<group>"; };
		3AB28A772693994300E79DDE /* WalletScreen.swift */ = {isa = PBXFileReference; lastKnownFileType = sourcecode.swift; path = WalletScreen.swift; sourceTree = "<group>"; };
		3AB28A7926939A8700E79DDE /* Router.swift */ = {isa = PBXFileReference; lastKnownFileType = sourcecode.swift; path = Router.swift; sourceTree = "<group>"; };
		3AB28A7B26939D0400E79DDE /* ViewWalletScreen.swift */ = {isa = PBXFileReference; lastKnownFileType = sourcecode.swift; path = ViewWalletScreen.swift; sourceTree = "<group>"; };
		3AD34F512694D1D900206A9D /* ViewAddressScreen.swift */ = {isa = PBXFileReference; lastKnownFileType = sourcecode.swift; path = ViewAddressScreen.swift; sourceTree = "<group>"; };
/* End PBXFileReference section */

/* Begin PBXFrameworksBuildPhase section */
		3AACFB8025A80DAB000F6409 /* Frameworks */ = {
			isa = PBXFrameworksBuildPhase;
			buildActionMask = 2147483647;
			files = (
				3AA55E2825AB90F80040722A /* DemoWalletKotlin.framework in Frameworks */,
			);
			runOnlyForDeploymentPostprocessing = 0;
		};
/* End PBXFrameworksBuildPhase section */

/* Begin PBXGroup section */
		3AA55E2625AB90F80040722A /* Frameworks */ = {
			isa = PBXGroup;
			children = (
				3AA55E2725AB90F80040722A /* DemoWalletKotlin.framework */,
			);
			name = Frameworks;
			sourceTree = "<group>";
		};
		3AACFB7A25A80DAB000F6409 = {
			isa = PBXGroup;
			children = (
				3AACFB8525A80DAB000F6409 /* Demo-Wallet */,
				3AACFB8425A80DAB000F6409 /* Products */,
				3AA55E2625AB90F80040722A /* Frameworks */,
			);
			sourceTree = "<group>";
		};
		3AACFB8425A80DAB000F6409 /* Products */ = {
			isa = PBXGroup;
			children = (
				3AACFB8325A80DAB000F6409 /* Demo-Wallet.app */,
			);
			name = Products;
			sourceTree = "<group>";
		};
		3AACFB8525A80DAB000F6409 /* Demo-Wallet */ = {
			isa = PBXGroup;
			children = (
				3AB28A732693977B00E79DDE /* SystemObservable.swift */,
				3AACFB8625A80DAB000F6409 /* Demo_WalletApp.swift */,
				3AB28A6E269396E500E79DDE /* UI */,
				3AACFB8A25A80DAD000F6409 /* Assets.xcassets */,
				3AACFB8F25A80DAD000F6409 /* Info.plist */,
				3AACFB8C25A80DAD000F6409 /* Preview Content */,
			);
			path = "Demo-Wallet";
			sourceTree = "<group>";
		};
		3AACFB8C25A80DAD000F6409 /* Preview Content */ = {
			isa = PBXGroup;
			children = (
				3AACFB8D25A80DAD000F6409 /* Preview Assets.xcassets */,
			);
			path = "Preview Content";
			sourceTree = "<group>";
		};
		3AB28A6E269396E500E79DDE /* UI */ = {
			isa = PBXGroup;
			children = (
				3AB28A762693993500E79DDE /* Screens */,
				3AB28A752693992300E79DDE /* components */,
				3AACFB8825A80DAB000F6409 /* ContentView.swift */,
				3AB28A7926939A8700E79DDE /* Router.swift */,
			);
			path = UI;
			sourceTree = "<group>";
		};
		3AB28A752693992300E79DDE /* components */ = {
			isa = PBXGroup;
			children = (
				3AB28A6C26937F6E00E79DDE /* ActivityInidicator.swift */,
				3AB28A6F2693971300E79DDE /* TransferItemView.swift */,
				3AB28A712693974600E79DDE /* WalletItemView.swift */,
			);
			path = components;
			sourceTree = "<group>";
		};
		3AB28A762693993500E79DDE /* Screens */ = {
			isa = PBXGroup;
			children = (
				3AB28A772693994300E79DDE /* WalletScreen.swift */,
				3AB28A7B26939D0400E79DDE /* ViewWalletScreen.swift */,
				3AD34F512694D1D900206A9D /* ViewAddressScreen.swift */,
			);
			path = Screens;
			sourceTree = "<group>";
		};
/* End PBXGroup section */

/* Begin PBXNativeTarget section */
		3AACFB8225A80DAB000F6409 /* Demo-Wallet */ = {
			isa = PBXNativeTarget;
			buildConfigurationList = 3AACFB9225A80DAD000F6409 /* Build configuration list for PBXNativeTarget "Demo-Wallet" */;
			buildPhases = (
				3AC3989D25A80DF80008C7F3 /* Compile Demo-Wallet Kotlin Framework */,
				3AACFB7F25A80DAB000F6409 /* Sources */,
				3AACFB8025A80DAB000F6409 /* Frameworks */,
				3AACFB8125A80DAB000F6409 /* Resources */,
			);
			buildRules = (
			);
			dependencies = (
			);
			name = "Demo-Wallet";
			productName = "Demo-Wallet";
			productReference = 3AACFB8325A80DAB000F6409 /* Demo-Wallet.app */;
			productType = "com.apple.product-type.application";
		};
/* End PBXNativeTarget section */

/* Begin PBXProject section */
		3AACFB7B25A80DAB000F6409 /* Project object */ = {
			isa = PBXProject;
			attributes = {
				LastSwiftUpdateCheck = 1230;
				LastUpgradeCheck = 1230;
				TargetAttributes = {
					3AACFB8225A80DAB000F6409 = {
						CreatedOnToolsVersion = 12.3;
					};
				};
			};
			buildConfigurationList = 3AACFB7E25A80DAB000F6409 /* Build configuration list for PBXProject "Demo-Wallet" */;
			compatibilityVersion = "Xcode 9.3";
			developmentRegion = en;
			hasScannedForEncodings = 0;
			knownRegions = (
				en,
				Base,
			);
			mainGroup = 3AACFB7A25A80DAB000F6409;
			productRefGroup = 3AACFB8425A80DAB000F6409 /* Products */;
			projectDirPath = "";
			projectRoot = "";
			targets = (
				3AACFB8225A80DAB000F6409 /* Demo-Wallet */,
			);
		};
/* End PBXProject section */

/* Begin PBXResourcesBuildPhase section */
		3AACFB8125A80DAB000F6409 /* Resources */ = {
			isa = PBXResourcesBuildPhase;
			buildActionMask = 2147483647;
			files = (
				3AACFB8E25A80DAD000F6409 /* Preview Assets.xcassets in Resources */,
				3AACFB8B25A80DAD000F6409 /* Assets.xcassets in Resources */,
			);
			runOnlyForDeploymentPostprocessing = 0;
		};
/* End PBXResourcesBuildPhase section */

/* Begin PBXShellScriptBuildPhase section */
		3AC3989D25A80DF80008C7F3 /* Compile Demo-Wallet Kotlin Framework */ = {
			isa = PBXShellScriptBuildPhase;
			buildActionMask = 2147483647;
			files = (
			);
			inputFileListPaths = (
			);
			inputPaths = (
			);
			name = "Compile Demo-Wallet Kotlin Framework";
			outputFileListPaths = (
			);
			outputPaths = (
			);
			runOnlyForDeploymentPostprocessing = 0;
			shellPath = /bin/sh;
			shellScript = "cd ../.. && ./gradlew :demo-wallet:linkDebugFrameworkIosX64\n";
		};
/* End PBXShellScriptBuildPhase section */

/* Begin PBXSourcesBuildPhase section */
		3AACFB7F25A80DAB000F6409 /* Sources */ = {
			isa = PBXSourcesBuildPhase;
			buildActionMask = 2147483647;
			files = (
				3AB28A7A26939A8700E79DDE /* Router.swift in Sources */,
				3AACFB8925A80DAB000F6409 /* ContentView.swift in Sources */,
				3AB28A742693977B00E79DDE /* SystemObservable.swift in Sources */,
				3AD34F522694D1D900206A9D /* ViewAddressScreen.swift in Sources */,
				3AB28A7C26939D0400E79DDE /* ViewWalletScreen.swift in Sources */,
				3AB28A702693971300E79DDE /* TransferItemView.swift in Sources */,
				3AB28A6D26937F6E00E79DDE /* ActivityInidicator.swift in Sources */,
				3AB28A722693974600E79DDE /* WalletItemView.swift in Sources */,
				3AACFB8725A80DAB000F6409 /* Demo_WalletApp.swift in Sources */,
				3AB28A782693994300E79DDE /* WalletScreen.swift in Sources */,
			);
			runOnlyForDeploymentPostprocessing = 0;
		};
/* End PBXSourcesBuildPhase section */

/* Begin XCBuildConfiguration section */
		3AACFB9025A80DAD000F6409 /* Debug */ = {
			isa = XCBuildConfiguration;
			buildSettings = {
				ALWAYS_SEARCH_USER_PATHS = NO;
				CLANG_ANALYZER_NONNULL = YES;
				CLANG_ANALYZER_NUMBER_OBJECT_CONVERSION = YES_AGGRESSIVE;
				CLANG_CXX_LANGUAGE_STANDARD = "gnu++14";
				CLANG_CXX_LIBRARY = "libc++";
				CLANG_ENABLE_MODULES = YES;
				CLANG_ENABLE_OBJC_ARC = YES;
				CLANG_ENABLE_OBJC_WEAK = YES;
				CLANG_WARN_BLOCK_CAPTURE_AUTORELEASING = YES;
				CLANG_WARN_BOOL_CONVERSION = YES;
				CLANG_WARN_COMMA = YES;
				CLANG_WARN_CONSTANT_CONVERSION = YES;
				CLANG_WARN_DEPRECATED_OBJC_IMPLEMENTATIONS = YES;
				CLANG_WARN_DIRECT_OBJC_ISA_USAGE = YES_ERROR;
				CLANG_WARN_DOCUMENTATION_COMMENTS = YES;
				CLANG_WARN_EMPTY_BODY = YES;
				CLANG_WARN_ENUM_CONVERSION = YES;
				CLANG_WARN_INFINITE_RECURSION = YES;
				CLANG_WARN_INT_CONVERSION = YES;
				CLANG_WARN_NON_LITERAL_NULL_CONVERSION = YES;
				CLANG_WARN_OBJC_IMPLICIT_RETAIN_SELF = YES;
				CLANG_WARN_OBJC_LITERAL_CONVERSION = YES;
				CLANG_WARN_OBJC_ROOT_CLASS = YES_ERROR;
				CLANG_WARN_QUOTED_INCLUDE_IN_FRAMEWORK_HEADER = YES;
				CLANG_WARN_RANGE_LOOP_ANALYSIS = YES;
				CLANG_WARN_STRICT_PROTOTYPES = YES;
				CLANG_WARN_SUSPICIOUS_MOVE = YES;
				CLANG_WARN_UNGUARDED_AVAILABILITY = YES_AGGRESSIVE;
				CLANG_WARN_UNREACHABLE_CODE = YES;
				CLANG_WARN__DUPLICATE_METHOD_MATCH = YES;
				COPY_PHASE_STRIP = NO;
				DEBUG_INFORMATION_FORMAT = dwarf;
				ENABLE_STRICT_OBJC_MSGSEND = YES;
				ENABLE_TESTABILITY = YES;
				FRAMEWORK_SEARCH_PATHS = "$(PROJECT_DIR)/../build/bin/iosX64/**";
				GCC_C_LANGUAGE_STANDARD = gnu11;
				GCC_DYNAMIC_NO_PIC = NO;
				GCC_NO_COMMON_BLOCKS = YES;
				GCC_OPTIMIZATION_LEVEL = 0;
				GCC_PREPROCESSOR_DEFINITIONS = (
					"DEBUG=1",
					"$(inherited)",
				);
				GCC_WARN_64_TO_32_BIT_CONVERSION = YES;
				GCC_WARN_ABOUT_RETURN_TYPE = YES_ERROR;
				GCC_WARN_UNDECLARED_SELECTOR = YES;
				GCC_WARN_UNINITIALIZED_AUTOS = YES_AGGRESSIVE;
				GCC_WARN_UNUSED_FUNCTION = YES;
				GCC_WARN_UNUSED_VARIABLE = YES;
				IPHONEOS_DEPLOYMENT_TARGET = 14.3;
				MTL_ENABLE_DEBUG_INFO = INCLUDE_SOURCE;
				MTL_FAST_MATH = YES;
				ONLY_ACTIVE_ARCH = YES;
				SDKROOT = iphoneos;
				SWIFT_ACTIVE_COMPILATION_CONDITIONS = DEBUG;
				SWIFT_OPTIMIZATION_LEVEL = "-Onone";
			};
			name = Debug;
		};
		3AACFB9125A80DAD000F6409 /* Release */ = {
			isa = XCBuildConfiguration;
			buildSettings = {
				ALWAYS_SEARCH_USER_PATHS = NO;
				CLANG_ANALYZER_NONNULL = YES;
				CLANG_ANALYZER_NUMBER_OBJECT_CONVERSION = YES_AGGRESSIVE;
				CLANG_CXX_LANGUAGE_STANDARD = "gnu++14";
				CLANG_CXX_LIBRARY = "libc++";
				CLANG_ENABLE_MODULES = YES;
				CLANG_ENABLE_OBJC_ARC = YES;
				CLANG_ENABLE_OBJC_WEAK = YES;
				CLANG_WARN_BLOCK_CAPTURE_AUTORELEASING = YES;
				CLANG_WARN_BOOL_CONVERSION = YES;
				CLANG_WARN_COMMA = YES;
				CLANG_WARN_CONSTANT_CONVERSION = YES;
				CLANG_WARN_DEPRECATED_OBJC_IMPLEMENTATIONS = YES;
				CLANG_WARN_DIRECT_OBJC_ISA_USAGE = YES_ERROR;
				CLANG_WARN_DOCUMENTATION_COMMENTS = YES;
				CLANG_WARN_EMPTY_BODY = YES;
				CLANG_WARN_ENUM_CONVERSION = YES;
				CLANG_WARN_INFINITE_RECURSION = YES;
				CLANG_WARN_INT_CONVERSION = YES;
				CLANG_WARN_NON_LITERAL_NULL_CONVERSION = YES;
				CLANG_WARN_OBJC_IMPLICIT_RETAIN_SELF = YES;
				CLANG_WARN_OBJC_LITERAL_CONVERSION = YES;
				CLANG_WARN_OBJC_ROOT_CLASS = YES_ERROR;
				CLANG_WARN_QUOTED_INCLUDE_IN_FRAMEWORK_HEADER = YES;
				CLANG_WARN_RANGE_LOOP_ANALYSIS = YES;
				CLANG_WARN_STRICT_PROTOTYPES = YES;
				CLANG_WARN_SUSPICIOUS_MOVE = YES;
				CLANG_WARN_UNGUARDED_AVAILABILITY = YES_AGGRESSIVE;
				CLANG_WARN_UNREACHABLE_CODE = YES;
				CLANG_WARN__DUPLICATE_METHOD_MATCH = YES;
				COPY_PHASE_STRIP = NO;
				DEBUG_INFORMATION_FORMAT = "dwarf-with-dsym";
				ENABLE_NS_ASSERTIONS = NO;
				ENABLE_STRICT_OBJC_MSGSEND = YES;
				FRAMEWORK_SEARCH_PATHS = "$(PROJECT_DIR)/../build/bin/iosX64/**";
				GCC_C_LANGUAGE_STANDARD = gnu11;
				GCC_NO_COMMON_BLOCKS = YES;
				GCC_WARN_64_TO_32_BIT_CONVERSION = YES;
				GCC_WARN_ABOUT_RETURN_TYPE = YES_ERROR;
				GCC_WARN_UNDECLARED_SELECTOR = YES;
				GCC_WARN_UNINITIALIZED_AUTOS = YES_AGGRESSIVE;
				GCC_WARN_UNUSED_FUNCTION = YES;
				GCC_WARN_UNUSED_VARIABLE = YES;
				IPHONEOS_DEPLOYMENT_TARGET = 14.3;
				MTL_ENABLE_DEBUG_INFO = NO;
				MTL_FAST_MATH = YES;
				SDKROOT = iphoneos;
				SWIFT_COMPILATION_MODE = wholemodule;
				SWIFT_OPTIMIZATION_LEVEL = "-O";
				VALIDATE_PRODUCT = YES;
			};
			name = Release;
		};
		3AACFB9325A80DAD000F6409 /* Debug */ = {
			isa = XCBuildConfiguration;
			buildSettings = {
				ASSETCATALOG_COMPILER_APPICON_NAME = AppIcon;
				ASSETCATALOG_COMPILER_GLOBAL_ACCENT_COLOR_NAME = AccentColor;
				CODE_SIGN_STYLE = Automatic;
				DEVELOPMENT_ASSET_PATHS = "\"Demo-Wallet/Preview Content\"";
				ENABLE_PREVIEWS = YES;
				INFOPLIST_FILE = "Demo-Wallet/Info.plist";
				IPHONEOS_DEPLOYMENT_TARGET = 14.0;
				LD_RUNPATH_SEARCH_PATHS = (
					"$(inherited)",
					"@executable_path/Frameworks",
				);
				PRODUCT_BUNDLE_IDENTIFIER = "drewcarlson.walletkit.Demo-Wallet";
				PRODUCT_NAME = "$(TARGET_NAME)";
				SWIFT_VERSION = 5.0;
				TARGETED_DEVICE_FAMILY = "1,2";
			};
			name = Debug;
		};
		3AACFB9425A80DAD000F6409 /* Release */ = {
			isa = XCBuildConfiguration;
			buildSettings = {
				ASSETCATALOG_COMPILER_APPICON_NAME = AppIcon;
				ASSETCATALOG_COMPILER_GLOBAL_ACCENT_COLOR_NAME = AccentColor;
				CODE_SIGN_STYLE = Automatic;
				DEVELOPMENT_ASSET_PATHS = "\"Demo-Wallet/Preview Content\"";
				ENABLE_PREVIEWS = YES;
				INFOPLIST_FILE = "Demo-Wallet/Info.plist";
				IPHONEOS_DEPLOYMENT_TARGET = 14.0;
				LD_RUNPATH_SEARCH_PATHS = (
					"$(inherited)",
					"@executable_path/Frameworks",
				);
				PRODUCT_BUNDLE_IDENTIFIER = "drewcarlson.walletkit.Demo-Wallet";
				PRODUCT_NAME = "$(TARGET_NAME)";
				SWIFT_VERSION = 5.0;
				TARGETED_DEVICE_FAMILY = "1,2";
			};
			name = Release;
		};
/* End XCBuildConfiguration section */

/* Begin XCConfigurationList section */
		3AACFB7E25A80DAB000F6409 /* Build configuration list for PBXProject "Demo-Wallet" */ = {
			isa = XCConfigurationList;
			buildConfigurations = (
				3AACFB9025A80DAD000F6409 /* Debug */,
				3AACFB9125A80DAD000F6409 /* Release */,
			);
			defaultConfigurationIsVisible = 0;
			defaultConfigurationName = Release;
		};
		3AACFB9225A80DAD000F6409 /* Build configuration list for PBXNativeTarget "Demo-Wallet" */ = {
			isa = XCConfigurationList;
			buildConfigurations = (
				3AACFB9325A80DAD000F6409 /* Debug */,
				3AACFB9425A80DAD000F6409 /* Release */,
			);
			defaultConfigurationIsVisible = 0;
			defaultConfigurationName = Release;
		};
/* End XCConfigurationList section */
	};
	rootObject = 3AACFB7B25A80DAB000F6409 /* Project object */;
}
